
Microsoft Visual Studio Solution File, Format Version 12.00
# Visual Studio Version 17
VisualStudioVersion = 17.9.34622.214
MinimumVisualStudioVersion = 10.0.40219.1
Project("{FAE04EC0-301F-11D3-BF4B-00C04F79EFBC}") = "GraphicsProgrammingTask3(.Net Framework)", "GraphicsProgrammingTask3(.Net Framework).csproj", "{7351DAF8-CAEC-4968-9141-0F7825D5CCDB}"
EndProject
Global
	GlobalSection(SolutionConfigurationPlatforms) = preSolution
		Debug|Any CPU = Debug|Any CPU
		Release|Any CPU = Release|Any CPU
	EndGlobalSection
	GlobalSection(ProjectConfigurationPlatforms) = postSolution
		{7351DAF8-CAEC-4968-9141-0F7825D5CCDB}.Debug|Any CPU.ActiveCfg = Debug|Any CPU
		{7351DAF8-CAEC-4968-9141-0F7825D5CCDB}.Debug|Any CPU.Build.0 = Debug|Any CPU
		{7351DAF8-CAEC-4968-9141-0F7825D5CCDB}.Release|Any CPU.ActiveCfg = Release|Any CPU
		{7351DAF8-CAEC-4968-9141-0F7825D5CCDB}.Release|Any CPU.Build.0 = Release|Any CPU
	EndGlobalSection
	GlobalSection(SolutionProperties) = preSolution
		HideSolutionNode = FALSE
	EndGlobalSection
	GlobalSection(ExtensibilityGlobals) = postSolution
		SolutionGuid = {D5C30748-F3DF-4381-B4ED-B27334A6B3E5}
	EndGlobalSection
EndGlobal
